
Microsoft Visual Studio Solution File, Format Version 12.00
# Visual Studio Version 17
VisualStudioVersion = 17.9.34622.214
MinimumVisualStudioVersion = 10.0.40219.1
Project("{FAE04EC0-301F-11D3-BF4B-00C04F79EFBC}") = "Autorization", "Autorization\Autorization.csproj", "{5D16B2A6-404D-4844-B32F-D048C9472EC9}"
EndProject
Global
	GlobalSection(SolutionConfigurationPlatforms) = preSolution
		Debug|Any CPU = Debug|Any CPU
		Release|Any CPU = Release|Any CPU
	EndGlobalSection
	GlobalSection(ProjectConfigurationPlatforms) = postSolution
		{5D16B2A6-404D-4844-B32F-D048C9472EC9}.Debug|Any CPU.ActiveCfg = Debug|Any CPU
		{5D16B2A6-404D-4844-B32F-D048C9472EC9}.Debug|Any CPU.Build.0 = Debug|Any CPU
		{5D16B2A6-404D-4844-B32F-D048C9472EC9}.Release|Any CPU.ActiveCfg = Release|Any CPU
		{5D16B2A6-404D-4844-B32F-D048C9472EC9}.Release|Any CPU.Build.0 = Release|Any CPU
	EndGlobalSection
	GlobalSection(SolutionProperties) = preSolution
		HideSolutionNode = FALSE
	EndGlobalSection
	GlobalSection(ExtensibilityGlobals) = postSolution
		SolutionGuid = {0FB47BD6-1ACA-4E69-B868-6AE76810A6BF}
	EndGlobalSection
EndGlobal
